// !$*UTF8*$!
{
	archiveVersion = 1;
	classes = {
	};
	objectVersion = 50;
	objects = {

/* Begin PBXBuildFile section */
		2924240023FE7BEA0059FAA5 /* CityLocationModel.swift in Sources */ = {isa = PBXBuildFile; fileRef = 292423FF23FE7BEA0059FAA5 /* CityLocationModel.swift */; };
		2924240223FE7C5E0059FAA5 /* WeatherModel.swift in Sources */ = {isa = PBXBuildFile; fileRef = 2924240123FE7C5E0059FAA5 /* WeatherModel.swift */; };
		2924240823FE7E850059FAA5 /* SharedDataModel.swift in Sources */ = {isa = PBXBuildFile; fileRef = 2924240723FE7E850059FAA5 /* SharedDataModel.swift */; };
		2924240A23FE85FF0059FAA5 /* WeatherManager.swift in Sources */ = {isa = PBXBuildFile; fileRef = 2924240923FE85FF0059FAA5 /* WeatherManager.swift */; };
		2930055023FE65F800715199 /* AppDelegate.swift in Sources */ = {isa = PBXBuildFile; fileRef = 2930054F23FE65F800715199 /* AppDelegate.swift */; };
		2930055223FE65F800715199 /* SceneDelegate.swift in Sources */ = {isa = PBXBuildFile; fileRef = 2930055123FE65F800715199 /* SceneDelegate.swift */; };
		2930055423FE65F800715199 /* WeatherViewController.swift in Sources */ = {isa = PBXBuildFile; fileRef = 2930055323FE65F800715199 /* WeatherViewController.swift */; };
		2930055723FE65F800715199 /* Main.storyboard in Resources */ = {isa = PBXBuildFile; fileRef = 2930055523FE65F800715199 /* Main.storyboard */; };
		2930055923FE65F900715199 /* Assets.xcassets in Resources */ = {isa = PBXBuildFile; fileRef = 2930055823FE65F900715199 /* Assets.xcassets */; };
		2930055C23FE65F900715199 /* LaunchScreen.storyboard in Resources */ = {isa = PBXBuildFile; fileRef = 2930055A23FE65F900715199 /* LaunchScreen.storyboard */; };
		2978F82424064190001F14E4 /* LatLongLocationodel.swift in Sources */ = {isa = PBXBuildFile; fileRef = 2978F82324064190001F14E4 /* LatLongLocationodel.swift */; };
		29B016BD240391600044F879 /* CountryCodes.swift in Sources */ = {isa = PBXBuildFile; fileRef = 29B016BC240391600044F879 /* CountryCodes.swift */; };
/* End PBXBuildFile section */

/* Begin PBXFileReference section */
		292423FF23FE7BEA0059FAA5 /* CityLocationModel.swift */ = {isa = PBXFileReference; lastKnownFileType = sourcecode.swift; path = CityLocationModel.swift; sourceTree = "<group>"; };
		2924240123FE7C5E0059FAA5 /* WeatherModel.swift */ = {isa = PBXFileReference; lastKnownFileType = sourcecode.swift; path = WeatherModel.swift; sourceTree = "<group>"; };
		2924240723FE7E850059FAA5 /* SharedDataModel.swift */ = {isa = PBXFileReference; lastKnownFileType = sourcecode.swift; path = SharedDataModel.swift; sourceTree = "<group>"; };
		2924240923FE85FF0059FAA5 /* WeatherManager.swift */ = {isa = PBXFileReference; lastKnownFileType = sourcecode.swift; path = WeatherManager.swift; sourceTree = "<group>"; };
		2930054C23FE65F800715199 /* MyWeather.app */ = {isa = PBXFileReference; explicitFileType = wrapper.application; includeInIndex = 0; path = MyWeather.app; sourceTree = BUILT_PRODUCTS_DIR; };
		2930054F23FE65F800715199 /* AppDelegate.swift */ = {isa = PBXFileReference; lastKnownFileType = sourcecode.swift; path = AppDelegate.swift; sourceTree = "<group>"; };
		2930055123FE65F800715199 /* SceneDelegate.swift */ = {isa = PBXFileReference; lastKnownFileType = sourcecode.swift; path = SceneDelegate.swift; sourceTree = "<group>"; };
		2930055323FE65F800715199 /* WeatherViewController.swift */ = {isa = PBXFileReference; lastKnownFileType = sourcecode.swift; path = WeatherViewController.swift; sourceTree = "<group>"; };
		2930055623FE65F800715199 /* Base */ = {isa = PBXFileReference; lastKnownFileType = file.storyboard; name = Base; path = Base.lproj/Main.storyboard; sourceTree = "<group>"; };
		2930055823FE65F900715199 /* Assets.xcassets */ = {isa = PBXFileReference; lastKnownFileType = folder.assetcatalog; path = Assets.xcassets; sourceTree = "<group>"; };
		2930055B23FE65F900715199 /* Base */ = {isa = PBXFileReference; lastKnownFileType = file.storyboard; name = Base; path = Base.lproj/LaunchScreen.storyboard; sourceTree = "<group>"; };
		2930055D23FE65F900715199 /* Info.plist */ = {isa = PBXFileReference; lastKnownFileType = text.plist.xml; path = Info.plist; sourceTree = "<group>"; };
		2978F82324064190001F14E4 /* LatLongLocationodel.swift */ = {isa = PBXFileReference; lastKnownFileType = sourcecode.swift; path = LatLongLocationodel.swift; sourceTree = "<group>"; };
		29B016BC240391600044F879 /* CountryCodes.swift */ = {isa = PBXFileReference; lastKnownFileType = sourcecode.swift; path = CountryCodes.swift; sourceTree = "<group>"; };
		29DD48192404FDF700859E9F /* Mapquest.playground */ = {isa = PBXFileReference; lastKnownFileType = file.playground; name = Mapquest.playground; path = MyWeather/Mapquest.playground; sourceTree = "<group>"; xcLanguageSpecificationIdentifier = xcode.lang.swift; };
/* End PBXFileReference section */

/* Begin PBXFrameworksBuildPhase section */
		2930054923FE65F800715199 /* Frameworks */ = {
			isa = PBXFrameworksBuildPhase;
			buildActionMask = 2147483647;
			files = (
			);
			runOnlyForDeploymentPostprocessing = 0;
		};
/* End PBXFrameworksBuildPhase section */

/* Begin PBXGroup section */
		2930054323FE65F800715199 = {
			isa = PBXGroup;
			children = (
				2930054E23FE65F800715199 /* MyWeather */,
				2930054D23FE65F800715199 /* Products */,
				29DD48192404FDF700859E9F /* Mapquest.playground */,
			);
			sourceTree = "<group>";
		};
		2930054D23FE65F800715199 /* Products */ = {
			isa = PBXGroup;
			children = (
				2930054C23FE65F800715199 /* MyWeather.app */,
			);
			name = Products;
			sourceTree = "<group>";
		};
		2930054E23FE65F800715199 /* MyWeather */ = {
			isa = PBXGroup;
			children = (
				2930054F23FE65F800715199 /* AppDelegate.swift */,
				2930055123FE65F800715199 /* SceneDelegate.swift */,
				2930056323FE665700715199 /* Model */,
				2930056423FE666C00715199 /* View */,
				2930056523FE667600715199 /* Controller */,
				2930055823FE65F900715199 /* Assets.xcassets */,
				2930055A23FE65F900715199 /* LaunchScreen.storyboard */,
				2930055D23FE65F900715199 /* Info.plist */,
			);
			path = MyWeather;
			sourceTree = "<group>";
		};
		2930056323FE665700715199 /* Model */ = {
			isa = PBXGroup;
			children = (
				29B016BC240391600044F879 /* CountryCodes.swift */,
				292423FF23FE7BEA0059FAA5 /* CityLocationModel.swift */,
				2924240123FE7C5E0059FAA5 /* WeatherModel.swift */,
				2924240723FE7E850059FAA5 /* SharedDataModel.swift */,
				2978F82324064190001F14E4 /* LatLongLocationodel.swift */,
			);
			path = Model;
			sourceTree = "<group>";
		};
		2930056423FE666C00715199 /* View */ = {
			isa = PBXGroup;
			children = (
				2930055523FE65F800715199 /* Main.storyboard */,
			);
			path = View;
			sourceTree = "<group>";
		};
		2930056523FE667600715199 /* Controller */ = {
			isa = PBXGroup;
			children = (
				2924240923FE85FF0059FAA5 /* WeatherManager.swift */,
				2930055323FE65F800715199 /* WeatherViewController.swift */,
			);
			path = Controller;
			sourceTree = "<group>";
		};
/* End PBXGroup section */

/* Begin PBXNativeTarget section */
		2930054B23FE65F800715199 /* MyWeather */ = {
			isa = PBXNativeTarget;
			buildConfigurationList = 2930056023FE65F900715199 /* Build configuration list for PBXNativeTarget "MyWeather" */;
			buildPhases = (
				2930054823FE65F800715199 /* Sources */,
				2930054923FE65F800715199 /* Frameworks */,
				2930054A23FE65F800715199 /* Resources */,
			);
			buildRules = (
			);
			dependencies = (
			);
			name = MyWeather;
			productName = MyWeather;
			productReference = 2930054C23FE65F800715199 /* MyWeather.app */;
			productType = "com.apple.product-type.application";
		};
/* End PBXNativeTarget section */

/* Begin PBXProject section */
		2930054423FE65F800715199 /* Project object */ = {
			isa = PBXProject;
			attributes = {
				LastSwiftUpdateCheck = 1130;
				LastUpgradeCheck = 1130;
				ORGANIZATIONNAME = blhauk;
				TargetAttributes = {
					2930054B23FE65F800715199 = {
						CreatedOnToolsVersion = 11.3.1;
					};
				};
			};
			buildConfigurationList = 2930054723FE65F800715199 /* Build configuration list for PBXProject "MyWeather" */;
			compatibilityVersion = "Xcode 9.3";
			developmentRegion = en;
			hasScannedForEncodings = 0;
			knownRegions = (
				en,
				Base,
			);
			mainGroup = 2930054323FE65F800715199;
			productRefGroup = 2930054D23FE65F800715199 /* Products */;
			projectDirPath = "";
			projectRoot = "";
			targets = (
				2930054B23FE65F800715199 /* MyWeather */,
			);
		};
/* End PBXProject section */

/* Begin PBXResourcesBuildPhase section */
		2930054A23FE65F800715199 /* Resources */ = {
			isa = PBXResourcesBuildPhase;
			buildActionMask = 2147483647;
			files = (
				2930055C23FE65F900715199 /* LaunchScreen.storyboard in Resources */,
				2930055923FE65F900715199 /* Assets.xcassets in Resources */,
				2930055723FE65F800715199 /* Main.storyboard in Resources */,
			);
			runOnlyForDeploymentPostprocessing = 0;
		};
/* End PBXResourcesBuildPhase section */

/* Begin PBXSourcesBuildPhase section */
		2930054823FE65F800715199 /* Sources */ = {
			isa = PBXSourcesBuildPhase;
			buildActionMask = 2147483647;
			files = (
				2924240223FE7C5E0059FAA5 /* WeatherModel.swift in Sources */,
				2930055423FE65F800715199 /* WeatherViewController.swift in Sources */,
				2924240023FE7BEA0059FAA5 /* CityLocationModel.swift in Sources */,
				2924240823FE7E850059FAA5 /* SharedDataModel.swift in Sources */,
				2930055023FE65F800715199 /* AppDelegate.swift in Sources */,
				2924240A23FE85FF0059FAA5 /* WeatherManager.swift in Sources */,
				2930055223FE65F800715199 /* SceneDelegate.swift in Sources */,
				2978F82424064190001F14E4 /* LatLongLocationodel.swift in Sources */,
				29B016BD240391600044F879 /* CountryCodes.swift in Sources */,
			);
			runOnlyForDeploymentPostprocessing = 0;
		};
/* End PBXSourcesBuildPhase section */

/* Begin PBXVariantGroup section */
		2930055523FE65F800715199 /* Main.storyboard */ = {
			isa = PBXVariantGroup;
			children = (
				2930055623FE65F800715199 /* Base */,
			);
			name = Main.storyboard;
			sourceTree = "<group>";
		};
		2930055A23FE65F900715199 /* LaunchScreen.storyboard */ = {
			isa = PBXVariantGroup;
			children = (
				2930055B23FE65F900715199 /* Base */,
			);
			name = LaunchScreen.storyboard;
			sourceTree = "<group>";
		};
/* End PBXVariantGroup section */

/* Begin XCBuildConfiguration section */
		2930055E23FE65F900715199 /* Debug */ = {
			isa = XCBuildConfiguration;
			buildSettings = {
				ALWAYS_SEARCH_USER_PATHS = NO;
				CLANG_ANALYZER_NONNULL = YES;
				CLANG_ANALYZER_NUMBER_OBJECT_CONVERSION = YES_AGGRESSIVE;
				CLANG_CXX_LANGUAGE_STANDARD = "gnu++14";
				CLANG_CXX_LIBRARY = "libc++";
				CLANG_ENABLE_MODULES = YES;
				CLANG_ENABLE_OBJC_ARC = YES;
				CLANG_ENABLE_OBJC_WEAK = YES;
				CLANG_WARN_BLOCK_CAPTURE_AUTORELEASING = YES;
				CLANG_WARN_BOOL_CONVERSION = YES;
				CLANG_WARN_COMMA = YES;
				CLANG_WARN_CONSTANT_CONVERSION = YES;
				CLANG_WARN_DEPRECATED_OBJC_IMPLEMENTATIONS = YES;
				CLANG_WARN_DIRECT_OBJC_ISA_USAGE = YES_ERROR;
				CLANG_WARN_DOCUMENTATION_COMMENTS = YES;
				CLANG_WARN_EMPTY_BODY = YES;
				CLANG_WARN_ENUM_CONVERSION = YES;
				CLANG_WARN_INFINITE_RECURSION = YES;
				CLANG_WARN_INT_CONVERSION = YES;
				CLANG_WARN_NON_LITERAL_NULL_CONVERSION = YES;
				CLANG_WARN_OBJC_IMPLICIT_RETAIN_SELF = YES;
				CLANG_WARN_OBJC_LITERAL_CONVERSION = YES;
				CLANG_WARN_OBJC_ROOT_CLASS = YES_ERROR;
				CLANG_WARN_RANGE_LOOP_ANALYSIS = YES;
				CLANG_WARN_STRICT_PROTOTYPES = YES;
				CLANG_WARN_SUSPICIOUS_MOVE = YES;
				CLANG_WARN_UNGUARDED_AVAILABILITY = YES_AGGRESSIVE;
				CLANG_WARN_UNREACHABLE_CODE = YES;
				CLANG_WARN__DUPLICATE_METHOD_MATCH = YES;
				COPY_PHASE_STRIP = NO;
				DEBUG_INFORMATION_FORMAT = dwarf;
				ENABLE_STRICT_OBJC_MSGSEND = YES;
				ENABLE_TESTABILITY = YES;
				GCC_C_LANGUAGE_STANDARD = gnu11;
				GCC_DYNAMIC_NO_PIC = NO;
				GCC_NO_COMMON_BLOCKS = YES;
				GCC_OPTIMIZATION_LEVEL = 0;
				GCC_PREPROCESSOR_DEFINITIONS = (
					"DEBUG=1",
					"$(inherited)",
				);
				GCC_WARN_64_TO_32_BIT_CONVERSION = YES;
				GCC_WARN_ABOUT_RETURN_TYPE = YES_ERROR;
				GCC_WARN_UNDECLARED_SELECTOR = YES;
				GCC_WARN_UNINITIALIZED_AUTOS = YES_AGGRESSIVE;
				GCC_WARN_UNUSED_FUNCTION = YES;
				GCC_WARN_UNUSED_VARIABLE = YES;
				IPHONEOS_DEPLOYMENT_TARGET = 13.0;
				MTL_ENABLE_DEBUG_INFO = INCLUDE_SOURCE;
				MTL_FAST_MATH = YES;
				ONLY_ACTIVE_ARCH = YES;
				SDKROOT = iphoneos;
				SWIFT_ACTIVE_COMPILATION_CONDITIONS = DEBUG;
				SWIFT_OPTIMIZATION_LEVEL = "-Onone";
			};
			name = Debug;
		};
		2930055F23FE65F900715199 /* Release */ = {
			isa = XCBuildConfiguration;
			buildSettings = {
				ALWAYS_SEARCH_USER_PATHS = NO;
				CLANG_ANALYZER_NONNULL = YES;
				CLANG_ANALYZER_NUMBER_OBJECT_CONVERSION = YES_AGGRESSIVE;
				CLANG_CXX_LANGUAGE_STANDARD = "gnu++14";
				CLANG_CXX_LIBRARY = "libc++";
				CLANG_ENABLE_MODULES = YES;
				CLANG_ENABLE_OBJC_ARC = YES;
				CLANG_ENABLE_OBJC_WEAK = YES;
				CLANG_WARN_BLOCK_CAPTURE_AUTORELEASING = YES;
				CLANG_WARN_BOOL_CONVERSION = YES;
				CLANG_WARN_COMMA = YES;
				CLANG_WARN_CONSTANT_CONVERSION = YES;
				CLANG_WARN_DEPRECATED_OBJC_IMPLEMENTATIONS = YES;
				CLANG_WARN_DIRECT_OBJC_ISA_USAGE = YES_ERROR;
				CLANG_WARN_DOCUMENTATION_COMMENTS = YES;
				CLANG_WARN_EMPTY_BODY = YES;
				CLANG_WARN_ENUM_CONVERSION = YES;
				CLANG_WARN_INFINITE_RECURSION = YES;
				CLANG_WARN_INT_CONVERSION = YES;
				CLANG_WARN_NON_LITERAL_NULL_CONVERSION = YES;
				CLANG_WARN_OBJC_IMPLICIT_RETAIN_SELF = YES;
				CLANG_WARN_OBJC_LITERAL_CONVERSION = YES;
				CLANG_WARN_OBJC_ROOT_CLASS = YES_ERROR;
				CLANG_WARN_RANGE_LOOP_ANALYSIS = YES;
				CLANG_WARN_STRICT_PROTOTYPES = YES;
				CLANG_WARN_SUSPICIOUS_MOVE = YES;
				CLANG_WARN_UNGUARDED_AVAILABILITY = YES_AGGRESSIVE;
				CLANG_WARN_UNREACHABLE_CODE = YES;
				CLANG_WARN__DUPLICATE_METHOD_MATCH = YES;
				COPY_PHASE_STRIP = NO;
				DEBUG_INFORMATION_FORMAT = "dwarf-with-dsym";
				ENABLE_NS_ASSERTIONS = NO;
				ENABLE_STRICT_OBJC_MSGSEND = YES;
				GCC_C_LANGUAGE_STANDARD = gnu11;
				GCC_NO_COMMON_BLOCKS = YES;
				GCC_WARN_64_TO_32_BIT_CONVERSION = YES;
				GCC_WARN_ABOUT_RETURN_TYPE = YES_ERROR;
				GCC_WARN_UNDECLARED_SELECTOR = YES;
				GCC_WARN_UNINITIALIZED_AUTOS = YES_AGGRESSIVE;
				GCC_WARN_UNUSED_FUNCTION = YES;
				GCC_WARN_UNUSED_VARIABLE = YES;
				IPHONEOS_DEPLOYMENT_TARGET = 13.0;
				MTL_ENABLE_DEBUG_INFO = NO;
				MTL_FAST_MATH = YES;
				SDKROOT = iphoneos;
				SWIFT_COMPILATION_MODE = wholemodule;
				SWIFT_OPTIMIZATION_LEVEL = "-O";
				VALIDATE_PRODUCT = YES;
			};
			name = Release;
		};
		2930056123FE65F900715199 /* Debug */ = {
			isa = XCBuildConfiguration;
			buildSettings = {
				ASSETCATALOG_COMPILER_APPICON_NAME = AppIcon;
				CODE_SIGN_STYLE = Automatic;
				DEVELOPMENT_TEAM = J6F3RSW928;
				INFOPLIST_FILE = MyWeather/Info.plist;
				LD_RUNPATH_SEARCH_PATHS = (
					"$(inherited)",
					"@executable_path/Frameworks",
				);
				PRODUCT_BUNDLE_IDENTIFIER = blhauk.MyWeather;
				PRODUCT_NAME = "$(TARGET_NAME)";
				SWIFT_VERSION = 5.0;
				TARGETED_DEVICE_FAMILY = 1;
			};
			name = Debug;
		};
		2930056223FE65F900715199 /* Release */ = {
			isa = XCBuildConfiguration;
			buildSettings = {
				ASSETCATALOG_COMPILER_APPICON_NAME = AppIcon;
				CODE_SIGN_STYLE = Automatic;
				DEVELOPMENT_TEAM = J6F3RSW928;
				INFOPLIST_FILE = MyWeather/Info.plist;
				LD_RUNPATH_SEARCH_PATHS = (
					"$(inherited)",
					"@executable_path/Frameworks",
				);
				PRODUCT_BUNDLE_IDENTIFIER = blhauk.MyWeather;
				PRODUCT_NAME = "$(TARGET_NAME)";
				SWIFT_VERSION = 5.0;
				TARGETED_DEVICE_FAMILY = 1;
			};
			name = Release;
		};
/* End XCBuildConfiguration section */

/* Begin XCConfigurationList section */
		2930054723FE65F800715199 /* Build configuration list for PBXProject "MyWeather" */ = {
			isa = XCConfigurationList;
			buildConfigurations = (
				2930055E23FE65F900715199 /* Debug */,
				2930055F23FE65F900715199 /* Release */,
			);
			defaultConfigurationIsVisible = 0;
			defaultConfigurationName = Release;
		};
		2930056023FE65F900715199 /* Build configuration list for PBXNativeTarget "MyWeather" */ = {
			isa = XCConfigurationList;
			buildConfigurations = (
				2930056123FE65F900715199 /* Debug */,
				2930056223FE65F900715199 /* Release */,
			);
			defaultConfigurationIsVisible = 0;
			defaultConfigurationName = Release;
		};
/* End XCConfigurationList section */
	};
	rootObject = 2930054423FE65F800715199 /* Project object */;
}
